
Microsoft Visual Studio Solution File, Format Version 12.00
# Visual Studio Version 17
VisualStudioVersion = 17.10.34916.146
MinimumVisualStudioVersion = 10.0.40219.1
Project("{9A19103F-16F7-4668-BE54-9A1E7A4F7556}") = "RaftMQ", "RaftMQ\RaftMQ.csproj", "{78AB42FD-53B0-4807-8DA2-083E2BD306F5}"
EndProject
Project("{9A19103F-16F7-4668-BE54-9A1E7A4F7556}") = "RaftMQ.Rabbit", "RaftMQ.Rabbit\RaftMQ.Rabbit.csproj", "{D0F2CD00-234F-4160-8A6E-1887FC9A5CC0}"
EndProject
Project("{9A19103F-16F7-4668-BE54-9A1E7A4F7556}") = "RaftMQ.Tests", "RaftMQ.Tests\RaftMQ.Tests.csproj", "{661E7748-5A6D-40B6-A9C8-4C74481DD690}"
EndProject
Project("{2150E333-8FDC-42A3-9474-1A3956D46DE8}") = "Solution Items", "Solution Items", "{880F7A6E-2EC9-4AB5-A83D-CC883CB4BDB5}"
	ProjectSection(SolutionItems) = preProject
		.gitignore = .gitignore
		LICENSE = LICENSE
		README.md = README.md
	EndProjectSection
EndProject
Project("{2150E333-8FDC-42A3-9474-1A3956D46DE8}") = "Examples", "Examples", "{A7C22534-1FA2-4279-A5BF-AC3B677812E5}"
EndProject
Project("{FAE04EC0-301F-11D3-BF4B-00C04F79EFBC}") = "RaftMQ.ExampleConsole", "Examples\RaftMQ.ExampleConsole\RaftMQ.ExampleConsole.csproj", "{1A458255-698B-479C-ABB6-98055DFE3A68}"
EndProject
Project("{FAE04EC0-301F-11D3-BF4B-00C04F79EFBC}") = "RaftMQ.Transport", "RaftMQ.Transport\RaftMQ.Transport.csproj", "{61B06E4F-6BDC-4398-BE82-2AD35DA173DF}"
EndProject
Global
	GlobalSection(SolutionConfigurationPlatforms) = preSolution
		Debug|Any CPU = Debug|Any CPU
		Release|Any CPU = Release|Any CPU
	EndGlobalSection
	GlobalSection(ProjectConfigurationPlatforms) = postSolution
		{78AB42FD-53B0-4807-8DA2-083E2BD306F5}.Debug|Any CPU.ActiveCfg = Debug|Any CPU
		{78AB42FD-53B0-4807-8DA2-083E2BD306F5}.Debug|Any CPU.Build.0 = Debug|Any CPU
		{78AB42FD-53B0-4807-8DA2-083E2BD306F5}.Release|Any CPU.ActiveCfg = Release|Any CPU
		{78AB42FD-53B0-4807-8DA2-083E2BD306F5}.Release|Any CPU.Build.0 = Release|Any CPU
		{D0F2CD00-234F-4160-8A6E-1887FC9A5CC0}.Debug|Any CPU.ActiveCfg = Debug|Any CPU
		{D0F2CD00-234F-4160-8A6E-1887FC9A5CC0}.Debug|Any CPU.Build.0 = Debug|Any CPU
		{D0F2CD00-234F-4160-8A6E-1887FC9A5CC0}.Release|Any CPU.ActiveCfg = Release|Any CPU
		{D0F2CD00-234F-4160-8A6E-1887FC9A5CC0}.Release|Any CPU.Build.0 = Release|Any CPU
		{661E7748-5A6D-40B6-A9C8-4C74481DD690}.Debug|Any CPU.ActiveCfg = Debug|Any CPU
		{661E7748-5A6D-40B6-A9C8-4C74481DD690}.Debug|Any CPU.Build.0 = Debug|Any CPU
		{661E7748-5A6D-40B6-A9C8-4C74481DD690}.Release|Any CPU.ActiveCfg = Release|Any CPU
		{661E7748-5A6D-40B6-A9C8-4C74481DD690}.Release|Any CPU.Build.0 = Release|Any CPU
		{1A458255-698B-479C-ABB6-98055DFE3A68}.Debug|Any CPU.ActiveCfg = Debug|Any CPU
		{1A458255-698B-479C-ABB6-98055DFE3A68}.Debug|Any CPU.Build.0 = Debug|Any CPU
		{1A458255-698B-479C-ABB6-98055DFE3A68}.Release|Any CPU.ActiveCfg = Release|Any CPU
		{1A458255-698B-479C-ABB6-98055DFE3A68}.Release|Any CPU.Build.0 = Release|Any CPU
		{61B06E4F-6BDC-4398-BE82-2AD35DA173DF}.Debug|Any CPU.ActiveCfg = Debug|Any CPU
		{61B06E4F-6BDC-4398-BE82-2AD35DA173DF}.Debug|Any CPU.Build.0 = Debug|Any CPU
		{61B06E4F-6BDC-4398-BE82-2AD35DA173DF}.Release|Any CPU.ActiveCfg = Release|Any CPU
		{61B06E4F-6BDC-4398-BE82-2AD35DA173DF}.Release|Any CPU.Build.0 = Release|Any CPU
	EndGlobalSection
	GlobalSection(SolutionProperties) = preSolution
		HideSolutionNode = FALSE
	EndGlobalSection
	GlobalSection(NestedProjects) = preSolution
		{1A458255-698B-479C-ABB6-98055DFE3A68} = {A7C22534-1FA2-4279-A5BF-AC3B677812E5}
	EndGlobalSection
	GlobalSection(ExtensibilityGlobals) = postSolution
		SolutionGuid = {EC215BFF-10DD-46BB-B3C1-E3CAF2B569E6}
	EndGlobalSection
EndGlobal
